# This file is automatically @generated by Cargo.
# It is not intended for manual editing.
version = 4

[[package]]
name = "cmk"
version = "0.1.2"
source = "registry+https://github.com/rust-lang/crates.io-index"
checksum = "8fd5de2a10e31b3ec3e8d75e7ccf8281ab3ee55de68f7ab6ffa9e21be8d82f22"

[[package]]
name = "emlite"
version = "0.1.44"
source = "registry+https://github.com/rust-lang/crates.io-index"
checksum = "31d30be6f7090006783aa519429bf825e88cd820b8ea9ad0c23f473935112837"
dependencies = [
 "cmk",
]

[[package]]
name = "emlite-bind-example"
version = "0.1.0"
dependencies = [
 "jsbind",
 "webbind",
]

[[package]]
name = "jsbind"
version = "0.1.32"
source = "registry+https://github.com/rust-lang/crates.io-index"
checksum = "678e73516cabbfafb607e826bda66e7be3746061d0e7c522626c5390c8c84277"
dependencies = [
 "emlite",
]

[[package]]
name = "webbind"
version = "0.1.32"
source = "registry+https://github.com/rust-lang/crates.io-index"
checksum = "e862321b450a9e17980f18c17064efa86f94710cbbeeb203edf58058d5bde8d8"
dependencies = [
 "jsbind",
]
