# This file is automatically @generated by Cargo.
# It is not intended for manual editing.
version = 4

[[package]]
name = "cmk"
version = "0.1.2"
source = "registry+https://github.com/rust-lang/crates.io-index"
checksum = "8fd5de2a10e31b3ec3e8d75e7ccf8281ab3ee55de68f7ab6ffa9e21be8d82f22"

[[package]]
name = "emlite"
version = "0.1.43"
source = "registry+https://github.com/rust-lang/crates.io-index"
checksum = "14f66a2443f579fd02654080a6dead28cd727845d3e364446c45b07e0340c2d3"
dependencies = [
 "cmk",
]

[[package]]
name = "emlite-bind-example"
version = "0.1.0"
dependencies = [
 "jsbind",
 "webbind",
]

[[package]]
name = "jsbind"
version = "0.1.30"
source = "registry+https://github.com/rust-lang/crates.io-index"
checksum = "d2da23f881b1901c3c6bd2ce7dd5479a27e4b5223f191972b12ed52fd22efaf7"
dependencies = [
 "emlite",
]

[[package]]
name = "webbind"
version = "0.1.31"
source = "registry+https://github.com/rust-lang/crates.io-index"
checksum = "1b7c33bc0dca8bf24e2bcf671e347a8a142d728dd3e02d67e074dd99f2282e85"
dependencies = [
 "jsbind",
]
